
Microsoft Visual Studio Solution File, Format Version 12.00
# Visual Studio Version 16
VisualStudioVersion = 16.0.30413.136
MinimumVisualStudioVersion = 10.0.40219.1
Project("{9A19103F-16F7-4668-BE54-9A1E7A4F7556}") = "Service1.API", "Service1.API\Service1.API.csproj", "{4FCFDF5E-71D6-47B1-BD86-86594E23BC8A}"
EndProject
Project("{9A19103F-16F7-4668-BE54-9A1E7A4F7556}") = "Service2.API", "Service2.API\Service2.API.csproj", "{54E5A3FB-2FB0-4EC1-915D-707AAB446D3D}"
EndProject
Project("{9A19103F-16F7-4668-BE54-9A1E7A4F7556}") = "WorkerService.Worker", "WorkerService.Worker\WorkerService.Worker.csproj", "{D0E78903-2187-4C46-A63D-8DC57493BA8A}"
EndProject
Project("{2150E333-8FDC-42A3-9474-1A3956D46DE8}") = "Client", "Client", "{5A0C2969-015E-4283-968A-0C1BE1E810CF}"
EndProject
Project("{E53339B2-1760-4266-BCC7-CA923CBCF16C}") = "docker-compose", "docker-compose.dcproj", "{D9551842-AECC-495E-8D50-1AE7164E7CCE}"
EndProject
Project("{9A19103F-16F7-4668-BE54-9A1E7A4F7556}") = "ClientApp.UI", "Client\ClientApp.UI\ClientApp.UI.csproj", "{529C1289-F302-4409-BEBF-60FCBD638D8D}"
EndProject
Project("{2150E333-8FDC-42A3-9474-1A3956D46DE8}") = "AKS", "AKS", "{73C02108-86BA-4AD4-8537-5B6166EB9583}"
EndProject
Project("{2150E333-8FDC-42A3-9474-1A3956D46DE8}") = "Pipelines", "Pipelines", "{E7C853B3-2736-4518-983C-CFBF9C8645E9}"
EndProject
Global
	GlobalSection(SolutionConfigurationPlatforms) = preSolution
		Debug|Any CPU = Debug|Any CPU
		Release|Any CPU = Release|Any CPU
	EndGlobalSection
	GlobalSection(ProjectConfigurationPlatforms) = postSolution
		{4FCFDF5E-71D6-47B1-BD86-86594E23BC8A}.Debug|Any CPU.ActiveCfg = Debug|Any CPU
		{4FCFDF5E-71D6-47B1-BD86-86594E23BC8A}.Debug|Any CPU.Build.0 = Debug|Any CPU
		{4FCFDF5E-71D6-47B1-BD86-86594E23BC8A}.Release|Any CPU.ActiveCfg = Release|Any CPU
		{4FCFDF5E-71D6-47B1-BD86-86594E23BC8A}.Release|Any CPU.Build.0 = Release|Any CPU
		{54E5A3FB-2FB0-4EC1-915D-707AAB446D3D}.Debug|Any CPU.ActiveCfg = Debug|Any CPU
		{54E5A3FB-2FB0-4EC1-915D-707AAB446D3D}.Debug|Any CPU.Build.0 = Debug|Any CPU
		{54E5A3FB-2FB0-4EC1-915D-707AAB446D3D}.Release|Any CPU.ActiveCfg = Release|Any CPU
		{54E5A3FB-2FB0-4EC1-915D-707AAB446D3D}.Release|Any CPU.Build.0 = Release|Any CPU
		{D0E78903-2187-4C46-A63D-8DC57493BA8A}.Debug|Any CPU.ActiveCfg = Debug|Any CPU
		{D0E78903-2187-4C46-A63D-8DC57493BA8A}.Debug|Any CPU.Build.0 = Debug|Any CPU
		{D0E78903-2187-4C46-A63D-8DC57493BA8A}.Release|Any CPU.ActiveCfg = Release|Any CPU
		{D0E78903-2187-4C46-A63D-8DC57493BA8A}.Release|Any CPU.Build.0 = Release|Any CPU
		{D9551842-AECC-495E-8D50-1AE7164E7CCE}.Debug|Any CPU.ActiveCfg = Debug|Any CPU
		{D9551842-AECC-495E-8D50-1AE7164E7CCE}.Debug|Any CPU.Build.0 = Debug|Any CPU
		{D9551842-AECC-495E-8D50-1AE7164E7CCE}.Release|Any CPU.ActiveCfg = Release|Any CPU
		{D9551842-AECC-495E-8D50-1AE7164E7CCE}.Release|Any CPU.Build.0 = Release|Any CPU
		{529C1289-F302-4409-BEBF-60FCBD638D8D}.Debug|Any CPU.ActiveCfg = Debug|Any CPU
		{529C1289-F302-4409-BEBF-60FCBD638D8D}.Debug|Any CPU.Build.0 = Debug|Any CPU
		{529C1289-F302-4409-BEBF-60FCBD638D8D}.Release|Any CPU.ActiveCfg = Release|Any CPU
		{529C1289-F302-4409-BEBF-60FCBD638D8D}.Release|Any CPU.Build.0 = Release|Any CPU
	EndGlobalSection
	GlobalSection(SolutionProperties) = preSolution
		HideSolutionNode = FALSE
	EndGlobalSection
	GlobalSection(NestedProjects) = preSolution
		{529C1289-F302-4409-BEBF-60FCBD638D8D} = {5A0C2969-015E-4283-968A-0C1BE1E810CF}
	EndGlobalSection
	GlobalSection(ExtensibilityGlobals) = postSolution
		SolutionGuid = {CEC9F785-D381-4949-AB35-C65E871A721A}
	EndGlobalSection
EndGlobal
